
Microsoft Visual Studio Solution File, Format Version 12.00
# Visual Studio Version 17
VisualStudioVersion = 17.6.33829.357
MinimumVisualStudioVersion = 10.0.40219.1
Project("{FAE04EC0-301F-11D3-BF4B-00C04F79EFBC}") = "BlazorAppWASMDemo", "BlazorAppWASMDemo\BlazorAppWASMDemo.csproj", "{0FFE88B6-5271-4059-9978-5608E19298EA}"
EndProject
Global
	GlobalSection(SolutionConfigurationPlatforms) = preSolution
		Debug|Any CPU = Debug|Any CPU
		Release|Any CPU = Release|Any CPU
	EndGlobalSection
	GlobalSection(ProjectConfigurationPlatforms) = postSolution
		{0FFE88B6-5271-4059-9978-5608E19298EA}.Debug|Any CPU.ActiveCfg = Debug|Any CPU
		{0FFE88B6-5271-4059-9978-5608E19298EA}.Debug|Any CPU.Build.0 = Debug|Any CPU
		{0FFE88B6-5271-4059-9978-5608E19298EA}.Release|Any CPU.ActiveCfg = Release|Any CPU
		{0FFE88B6-5271-4059-9978-5608E19298EA}.Release|Any CPU.Build.0 = Release|Any CPU
	EndGlobalSection
	GlobalSection(SolutionProperties) = preSolution
		HideSolutionNode = FALSE
	EndGlobalSection
	GlobalSection(ExtensibilityGlobals) = postSolution
		SolutionGuid = {2B997989-7171-463B-A910-D82806CC4EB9}
	EndGlobalSection
EndGlobal
